
Microsoft Visual Studio Solution File, Format Version 12.00
# Visual Studio Version 16
VisualStudioVersion = 16.0.30011.22
MinimumVisualStudioVersion = 10.0.40219.1
Project("{FAE04EC0-301F-11D3-BF4B-00C04F79EFBC}") = "Satellite program - C sharp", "Satellite program - C sharp\Satellite program - C sharp.csproj", "{E6469304-D240-4CF8-B524-BE728924DCD2}"
EndProject
Global
	GlobalSection(SolutionConfigurationPlatforms) = preSolution
		Debug|Any CPU = Debug|Any CPU
		Release|Any CPU = Release|Any CPU
	EndGlobalSection
	GlobalSection(ProjectConfigurationPlatforms) = postSolution
		{E6469304-D240-4CF8-B524-BE728924DCD2}.Debug|Any CPU.ActiveCfg = Debug|Any CPU
		{E6469304-D240-4CF8-B524-BE728924DCD2}.Debug|Any CPU.Build.0 = Debug|Any CPU
		{E6469304-D240-4CF8-B524-BE728924DCD2}.Release|Any CPU.ActiveCfg = Release|Any CPU
		{E6469304-D240-4CF8-B524-BE728924DCD2}.Release|Any CPU.Build.0 = Release|Any CPU
	EndGlobalSection
	GlobalSection(SolutionProperties) = preSolution
		HideSolutionNode = FALSE
	EndGlobalSection
	GlobalSection(ExtensibilityGlobals) = postSolution
		SolutionGuid = {F656F6A9-B7EB-4499-BD3A-5A8A48FA517D}
	EndGlobalSection
EndGlobal
